{
  "requires": true,
  "lockfileVersion": 1,
  "dependencies": {
    "@handsontable-pro/vue": {
      "version": "3.1.1",
      "resolved": "https://registry.npm.taobao.org/@handsontable-pro/vue/download/@handsontable-pro/vue-3.1.1.tgz",
      "integrity": "sha1-3Q0CF+NFNhUq1e0TYNoW3klPNAU="
    },
    "@handsontable/formulajs": {
      "version": "1.2.3",
      "resolved": "https://registry.npm.taobao.org/@handsontable/formulajs/download/@handsontable/formulajs-1.2.3.tgz",
      "integrity": "sha1-qYuYvD0jgycwZG47vWGUQT+Pqt4=",
      "requires": {
        "bessel": "^0.2.0",
        "jStat": "^1.7.0",
        "numbro": "^1.11.0"
      },
      "dependencies": {
        "numbro": {
          "version": "1.11.1",
          "resolved": "https://registry.npm.taobao.org/numbro/download/numbro-1.11.1.tgz",
          "integrity": "sha1-4Nm6Dd/DrVrAHZVYpJOD2yFPBL4="
        }
      }
    },
    "@handsontable/vue": {
      "version": "4.1.1",
      "resolved": "https://registry.npm.taobao.org/@handsontable/vue/download/@handsontable/vue-4.1.1.tgz",
      "integrity": "sha1-X/dxDl2dZCw/x3bJgAN0webcTOU="
    },
    "@types/pikaday": {
      "version": "1.7.4",
      "resolved": "https://registry.npm.taobao.org/@types/pikaday/download/@types/pikaday-1.7.4.tgz",
      "integrity": "sha1-qkH5KPD1rzGkplb0caeBd6kmCr8=",
      "requires": {
        "moment": ">=2.14.0"
      }
    },
    "async-validator": {
      "version": "1.8.5",
      "resolved": "https://registry.npm.taobao.org/async-validator/download/async-validator-1.8.5.tgz",
      "integrity": "sha1-3D4I7B/Q3dtn5ghC8CwM0c7G1/A=",
      "requires": {
        "babel-runtime": "6.x"
      }
    },
    "babel-helper-vue-jsx-merge-props": {
      "version": "2.0.3",
      "resolved": "https://registry.npm.taobao.org/babel-helper-vue-jsx-merge-props/download/babel-helper-vue-jsx-merge-props-2.0.3.tgz",
      "integrity": "sha1-Iq69OzOQIyjlEyk6jkmSs4T58bY="
    },
    "babel-runtime": {
      "version": "6.26.0",
      "resolved": "https://registry.npm.taobao.org/babel-runtime/download/babel-runtime-6.26.0.tgz",
      "integrity": "sha1-llxwWGaOgrVde/4E/yM3vItWR/4=",
      "requires": {
        "core-js": "^2.4.0",
        "regenerator-runtime": "^0.11.0"
      }
    },
    "bessel": {
      "version": "0.2.0",
      "resolved": "https://registry.npm.taobao.org/bessel/download/bessel-0.2.0.tgz",
      "integrity": "sha1-E8s5zSkjMhnsLacl4LoMZvtGtvI=",
      "requires": {
        "voc": "^1.2.0"
      }
    },
    "bignumber.js": {
      "version": "8.1.1",
      "resolved": "https://registry.npm.taobao.org/bignumber.js/download/bignumber.js-8.1.1.tgz",
      "integrity": "sha1-Swcq5a6pwg9nMOTl1SnfEnHE2IU="
    },
    "clonedeep": {
      "version": "2.0.0",
      "resolved": "https://registry.npm.taobao.org/clonedeep/download/clonedeep-2.0.0.tgz",
      "integrity": "sha1-jOygd39He78x/oyHGq9jo5C7wnI="
    },
    "core-js": {
      "version": "2.6.11",
      "resolved": "https://registry.npm.taobao.org/core-js/download/core-js-2.6.11.tgz",
      "integrity": "sha1-OIMUafmSK97Y7iHJ3EaYXgOZMIw="
    },
    "deepmerge": {
      "version": "1.5.2",
      "resolved": "https://registry.npm.taobao.org/deepmerge/download/deepmerge-1.5.2.tgz?cache=0&sync_timestamp=1572279720382&other_urls=https%3A%2F%2Fregistry.npm.taobao.org%2Fdeepmerge%2Fdownload%2Fdeepmerge-1.5.2.tgz",
      "integrity": "sha1-EEmdhohEza1P7ghC34x/bwyVp1M="
    },
    "element-ui": {
      "version": "2.13.2",
      "resolved": "https://registry.npm.taobao.org/element-ui/download/element-ui-2.13.2.tgz",
      "integrity": "sha1-WCv0eqqqr+I+oZWPriF6aHrQZEc=",
      "requires": {
        "async-validator": "~1.8.1",
        "babel-helper-vue-jsx-merge-props": "^2.0.0",
        "deepmerge": "^1.2.0",
        "normalize-wheel": "^1.0.1",
        "resize-observer-polyfill": "^1.5.0",
        "throttle-debounce": "^1.0.1"
      }
    },
    "handsontable": {
      "version": "7.4.2",
      "resolved": "https://registry.npm.taobao.org/handsontable/download/handsontable-7.4.2.tgz?cache=0&sync_timestamp=1594813189763&other_urls=https%3A%2F%2Fregistry.npm.taobao.org%2Fhandsontable%2Fdownload%2Fhandsontable-7.4.2.tgz",
      "integrity": "sha1-EQl7F8NuXf/Z9U/r3ZBMMAbE8o4=",
      "requires": {
        "@types/pikaday": "1.7.4",
        "core-js": "^3.0.0",
        "hot-formula-parser": "^3.0.1",
        "moment": "2.24.0",
        "numbro": "2.1.2",
        "pikaday": "1.8.0"
      },
      "dependencies": {
        "@handsontable/formulajs": {
          "version": "2.0.2",
          "resolved": "https://registry.npm.taobao.org/@handsontable/formulajs/download/@handsontable/formulajs-2.0.2.tgz",
          "integrity": "sha1-W+S5ImzEeBH2Rq5GsbmFIwzYKZU=",
          "requires": {
            "bessel": "^1.0.2",
            "jstat": "^1.9.2"
          }
        },
        "bessel": {
          "version": "1.0.2",
          "resolved": "https://registry.npm.taobao.org/bessel/download/bessel-1.0.2.tgz",
          "integrity": "sha1-gogSKR4LYulJWc3qQ/rBhuinIC0="
        },
        "core-js": {
          "version": "3.6.5",
          "resolved": "https://registry.npm.taobao.org/core-js/download/core-js-3.6.5.tgz",
          "integrity": "sha1-c5XcJzrzf7LlDpvT2f6EEoUjHRo="
        },
        "hot-formula-parser": {
          "version": "3.0.2",
          "resolved": "https://registry.npm.taobao.org/hot-formula-parser/download/hot-formula-parser-3.0.2.tgz",
          "integrity": "sha1-1x8DpO9DujB0veODoONiArW2QRY=",
          "requires": {
            "@handsontable/formulajs": "^2.0.2",
            "tiny-emitter": "^2.1.0"
          }
        },
        "moment": {
          "version": "2.24.0",
          "resolved": "https://registry.npm.taobao.org/moment/download/moment-2.24.0.tgz?cache=0&sync_timestamp=1592516101369&other_urls=https%3A%2F%2Fregistry.npm.taobao.org%2Fmoment%2Fdownload%2Fmoment-2.24.0.tgz",
          "integrity": "sha1-DQVdU/UFKqZTyfbraLtdEr9cK1s="
        },
        "numbro": {
          "version": "2.1.2",
          "resolved": "https://registry.npm.taobao.org/numbro/download/numbro-2.1.2.tgz",
          "integrity": "sha1-LVEQTwm11prvfhW7Vl13leR+z9Y=",
          "requires": {
            "bignumber.js": "^8.0.1"
          }
        },
        "pikaday": {
          "version": "1.8.0",
          "resolved": "https://registry.npm.taobao.org/pikaday/download/pikaday-1.8.0.tgz",
          "integrity": "sha1-zpMOJXBC6FLmqt7hEV4BVUstccU="
        }
      }
    },
    "handsontable-pro": {
      "version": "6.2.3",
      "resolved": "https://registry.npm.taobao.org/handsontable-pro/download/handsontable-pro-6.2.3.tgz",
      "integrity": "sha1-CA1zdbpoFeAvxrsntjolgZMcEBA=",
      "requires": {
        "handsontable": "6.2.2",
        "hot-formula-parser": "^2.3.1",
        "moment": "2.20.1",
        "numbro": "^2.0.6",
        "pikaday": "1.5.1"
      },
      "dependencies": {
        "handsontable": {
          "version": "6.2.2",
          "resolved": "https://registry.npm.taobao.org/handsontable/download/handsontable-6.2.2.tgz?cache=0&sync_timestamp=1594813189763&other_urls=https%3A%2F%2Fregistry.npm.taobao.org%2Fhandsontable%2Fdownload%2Fhandsontable-6.2.2.tgz",
          "integrity": "sha1-8SUPPzdKvffUoAgJUEgtPt7qjwc=",
          "requires": {
            "moment": "2.20.1",
            "numbro": "^2.0.6",
            "pikaday": "1.5.1"
          }
        }
      }
    },
    "hot-formula-parser": {
      "version": "2.3.3",
      "resolved": "https://registry.npm.taobao.org/hot-formula-parser/download/hot-formula-parser-2.3.3.tgz",
      "integrity": "sha1-p/P40tjqjWjECcLfTjYvKeN7YE0=",
      "requires": {
        "@handsontable/formulajs": "^1.2.3",
        "tiny-emitter": "^2.0.1"
      }
    },
    "jStat": {
      "version": "1.8.6",
      "resolved": "https://registry.npm.taobao.org/jStat/download/jStat-1.8.6.tgz",
      "integrity": "sha1-q01GWyH1g9N6cqsvl6MASS2nV10="
    },
    "jstat": {
      "version": "1.9.3",
      "resolved": "https://registry.npm.taobao.org/jstat/download/jstat-1.9.3.tgz",
      "integrity": "sha1-ag5gw7h/1xS2HnZbd/xrA1Q37jQ="
    },
    "lodash": {
      "version": "4.17.19",
      "resolved": "https://registry.npm.taobao.org/lodash/download/lodash-4.17.19.tgz?cache=0&sync_timestamp=1594226832494&other_urls=https%3A%2F%2Fregistry.npm.taobao.org%2Flodash%2Fdownload%2Flodash-4.17.19.tgz",
      "integrity": "sha1-5I3e2+MLMyF4PFtDAfvTU7weSks="
    },
    "moment": {
      "version": "2.20.1",
      "resolved": "https://registry.npm.taobao.org/moment/download/moment-2.20.1.tgz?cache=0&sync_timestamp=1592516101369&other_urls=https%3A%2F%2Fregistry.npm.taobao.org%2Fmoment%2Fdownload%2Fmoment-2.20.1.tgz",
      "integrity": "sha1-1usaRsvMFKKy+UNBEsH/iQfzE/0="
    },
    "normalize-wheel": {
      "version": "1.0.1",
      "resolved": "https://registry.npm.taobao.org/normalize-wheel/download/normalize-wheel-1.0.1.tgz",
      "integrity": "sha1-rsiGr/2wRQcNhWRH32Ls+GFG7EU="
    },
    "numbro": {
      "version": "2.3.1",
      "resolved": "https://registry.npm.taobao.org/numbro/download/numbro-2.3.1.tgz",
      "integrity": "sha1-vnSLcekIeeMMETH69Q4OR/EgIRc=",
      "requires": {
        "bignumber.js": "^8.1.1"
      }
    },
    "pikaday": {
      "version": "1.5.1",
      "resolved": "https://registry.npm.taobao.org/pikaday/download/pikaday-1.5.1.tgz",
      "integrity": "sha1-CkhUm8GhTqHQjEQHTXYbwvK/z9M=",
      "requires": {
        "moment": "2.x"
      }
    },
    "regenerator-runtime": {
      "version": "0.11.1",
      "resolved": "https://registry.npm.taobao.org/regenerator-runtime/download/regenerator-runtime-0.11.1.tgz",
      "integrity": "sha1-vgWtf5v30i4Fb5cmzuUBf78Z4uk="
    },
    "resize-observer-polyfill": {
      "version": "1.5.1",
      "resolved": "https://registry.npm.taobao.org/resize-observer-polyfill/download/resize-observer-polyfill-1.5.1.tgz",
      "integrity": "sha1-DpAg3T0hAkRY1OvSfiPkAmmBBGQ="
    },
    "throttle-debounce": {
      "version": "1.1.0",
      "resolved": "https://registry.npm.taobao.org/throttle-debounce/download/throttle-debounce-1.1.0.tgz",
      "integrity": "sha1-UYU9o3vmihVctugns1FKPEIuic0="
    },
    "tiny-emitter": {
      "version": "2.1.0",
      "resolved": "https://registry.npm.taobao.org/tiny-emitter/download/tiny-emitter-2.1.0.tgz",
      "integrity": "sha1-HRpW7fxRxD6GPLtTgqcjMONVVCM="
    },
    "voc": {
      "version": "1.2.0",
      "resolved": "https://registry.npm.taobao.org/voc/download/voc-1.2.0.tgz",
      "integrity": "sha1-xFkCRTHXEGfAniwMK9psKxOvMtg="
    }
  }
}
